// !$*UTF8*$!
{
	archiveVersion = 1;
	classes = {
	};
	objectVersion = 56;
	objects = {

/* Begin PBXBuildFile section */
		29D143FE29F7C52400DA2642 /* AppDelegate.swift in Sources */ = {isa = PBXBuildFile; fileRef = 29D143FD29F7C52400DA2642 /* AppDelegate.swift */; };
		29D1440029F7C52500DA2642 /* SceneDelegate.swift in Sources */ = {isa = PBXBuildFile; fileRef = 29D143FF29F7C52500DA2642 /* SceneDelegate.swift */; };
		29D1440229F7C52500DA2642 /* ViewController.swift in Sources */ = {isa = PBXBuildFile; fileRef = 29D1440129F7C52500DA2642 /* ViewController.swift */; };
		29D1440529F7C52500DA2642 /* Main.storyboard in Resources */ = {isa = PBXBuildFile; fileRef = 29D1440329F7C52500DA2642 /* Main.storyboard */; };
		29D1440729F7C52700DA2642 /* Assets.xcassets in Resources */ = {isa = PBXBuildFile; fileRef = 29D1440629F7C52700DA2642 /* Assets.xcassets */; };
		29D1440A29F7C52700DA2642 /* LaunchScreen.storyboard in Resources */ = {isa = PBXBuildFile; fileRef = 29D1440829F7C52700DA2642 /* LaunchScreen.storyboard */; };
		29D1441529F7C52700DA2642 /* MapViewTests.swift in Sources */ = {isa = PBXBuildFile; fileRef = 29D1441429F7C52700DA2642 /* MapViewTests.swift */; };
		29D1441F29F7C52800DA2642 /* MapViewUITests.swift in Sources */ = {isa = PBXBuildFile; fileRef = 29D1441E29F7C52800DA2642 /* MapViewUITests.swift */; };
		29D1442129F7C52800DA2642 /* MapViewUITestsLaunchTests.swift in Sources */ = {isa = PBXBuildFile; fileRef = 29D1442029F7C52800DA2642 /* MapViewUITestsLaunchTests.swift */; };
/* End PBXBuildFile section */

/* Begin PBXContainerItemProxy section */
		29D1441129F7C52700DA2642 /* PBXContainerItemProxy */ = {
			isa = PBXContainerItemProxy;
			containerPortal = 29D143F229F7C52400DA2642 /* Project object */;
			proxyType = 1;
			remoteGlobalIDString = 29D143F929F7C52400DA2642;
			remoteInfo = MapView;
		};
		29D1441B29F7C52800DA2642 /* PBXContainerItemProxy */ = {
			isa = PBXContainerItemProxy;
			containerPortal = 29D143F229F7C52400DA2642 /* Project object */;
			proxyType = 1;
			remoteGlobalIDString = 29D143F929F7C52400DA2642;
			remoteInfo = MapView;
		};
/* End PBXContainerItemProxy section */

/* Begin PBXFileReference section */
		29D143FA29F7C52400DA2642 /* MapView.app */ = {isa = PBXFileReference; explicitFileType = wrapper.application; includeInIndex = 0; path = MapView.app; sourceTree = BUILT_PRODUCTS_DIR; };
		29D143FD29F7C52400DA2642 /* AppDelegate.swift */ = {isa = PBXFileReference; lastKnownFileType = sourcecode.swift; path = AppDelegate.swift; sourceTree = "<group>"; };
		29D143FF29F7C52500DA2642 /* SceneDelegate.swift */ = {isa = PBXFileReference; lastKnownFileType = sourcecode.swift; path = SceneDelegate.swift; sourceTree = "<group>"; };
		29D1440129F7C52500DA2642 /* ViewController.swift */ = {isa = PBXFileReference; lastKnownFileType = sourcecode.swift; path = ViewController.swift; sourceTree = "<group>"; };
		29D1440429F7C52500DA2642 /* Base */ = {isa = PBXFileReference; lastKnownFileType = file.storyboard; name = Base; path = Base.lproj/Main.storyboard; sourceTree = "<group>"; };
		29D1440629F7C52700DA2642 /* Assets.xcassets */ = {isa = PBXFileReference; lastKnownFileType = folder.assetcatalog; path = Assets.xcassets; sourceTree = "<group>"; };
		29D1440929F7C52700DA2642 /* Base */ = {isa = PBXFileReference; lastKnownFileType = file.storyboard; name = Base; path = Base.lproj/LaunchScreen.storyboard; sourceTree = "<group>"; };
		29D1440B29F7C52700DA2642 /* Info.plist */ = {isa = PBXFileReference; lastKnownFileType = text.plist.xml; path = Info.plist; sourceTree = "<group>"; };
		29D1441029F7C52700DA2642 /* MapViewTests.xctest */ = {isa = PBXFileReference; explicitFileType = wrapper.cfbundle; includeInIndex = 0; path = MapViewTests.xctest; sourceTree = BUILT_PRODUCTS_DIR; };
		29D1441429F7C52700DA2642 /* MapViewTests.swift */ = {isa = PBXFileReference; lastKnownFileType = sourcecode.swift; path = MapViewTests.swift; sourceTree = "<group>"; };
		29D1441A29F7C52800DA2642 /* MapViewUITests.xctest */ = {isa = PBXFileReference; explicitFileType = wrapper.cfbundle; includeInIndex = 0; path = MapViewUITests.xctest; sourceTree = BUILT_PRODUCTS_DIR; };
		29D1441E29F7C52800DA2642 /* MapViewUITests.swift */ = {isa = PBXFileReference; lastKnownFileType = sourcecode.swift; path = MapViewUITests.swift; sourceTree = "<group>"; };
		29D1442029F7C52800DA2642 /* MapViewUITestsLaunchTests.swift */ = {isa = PBXFileReference; lastKnownFileType = sourcecode.swift; path = MapViewUITestsLaunchTests.swift; sourceTree = "<group>"; };
/* End PBXFileReference section */

/* Begin PBXFrameworksBuildPhase section */
		29D143F729F7C52400DA2642 /* Frameworks */ = {
			isa = PBXFrameworksBuildPhase;
			buildActionMask = 2147483647;
			files = (
			);
			runOnlyForDeploymentPostprocessing = 0;
		};
		29D1440D29F7C52700DA2642 /* Frameworks */ = {
			isa = PBXFrameworksBuildPhase;
			buildActionMask = 2147483647;
			files = (
			);
			runOnlyForDeploymentPostprocessing = 0;
		};
		29D1441729F7C52800DA2642 /* Frameworks */ = {
			isa = PBXFrameworksBuildPhase;
			buildActionMask = 2147483647;
			files = (
			);
			runOnlyForDeploymentPostprocessing = 0;
		};
/* End PBXFrameworksBuildPhase section */

/* Begin PBXGroup section */
		29D143F129F7C52400DA2642 = {
			isa = PBXGroup;
			children = (
				29D143FC29F7C52400DA2642 /* MapView */,
				29D1441329F7C52700DA2642 /* MapViewTests */,
				29D1441D29F7C52800DA2642 /* MapViewUITests */,
				29D143FB29F7C52400DA2642 /* Products */,
			);
			sourceTree = "<group>";
		};
		29D143FB29F7C52400DA2642 /* Products */ = {
			isa = PBXGroup;
			children = (
				29D143FA29F7C52400DA2642 /* MapView.app */,
				29D1441029F7C52700DA2642 /* MapViewTests.xctest */,
				29D1441A29F7C52800DA2642 /* MapViewUITests.xctest */,
			);
			name = Products;
			sourceTree = "<group>";
		};
		29D143FC29F7C52400DA2642 /* MapView */ = {
			isa = PBXGroup;
			children = (
				29D143FD29F7C52400DA2642 /* AppDelegate.swift */,
				29D143FF29F7C52500DA2642 /* SceneDelegate.swift */,
				29D1440129F7C52500DA2642 /* ViewController.swift */,
				29D1440329F7C52500DA2642 /* Main.storyboard */,
				29D1440629F7C52700DA2642 /* Assets.xcassets */,
				29D1440829F7C52700DA2642 /* LaunchScreen.storyboard */,
				29D1440B29F7C52700DA2642 /* Info.plist */,
			);
			path = MapView;
			sourceTree = "<group>";
		};
		29D1441329F7C52700DA2642 /* MapViewTests */ = {
			isa = PBXGroup;
			children = (
				29D1441429F7C52700DA2642 /* MapViewTests.swift */,
			);
			path = MapViewTests;
			sourceTree = "<group>";
		};
		29D1441D29F7C52800DA2642 /* MapViewUITests */ = {
			isa = PBXGroup;
			children = (
				29D1441E29F7C52800DA2642 /* MapViewUITests.swift */,
				29D1442029F7C52800DA2642 /* MapViewUITestsLaunchTests.swift */,
			);
			path = MapViewUITests;
			sourceTree = "<group>";
		};
/* End PBXGroup section */

/* Begin PBXNativeTarget section */
		29D143F929F7C52400DA2642 /* MapView */ = {
			isa = PBXNativeTarget;
			buildConfigurationList = 29D1442429F7C52800DA2642 /* Build configuration list for PBXNativeTarget "MapView" */;
			buildPhases = (
				29D143F629F7C52400DA2642 /* Sources */,
				29D143F729F7C52400DA2642 /* Frameworks */,
				29D143F829F7C52400DA2642 /* Resources */,
			);
			buildRules = (
			);
			dependencies = (
			);
			name = MapView;
			productName = MapView;
			productReference = 29D143FA29F7C52400DA2642 /* MapView.app */;
			productType = "com.apple.product-type.application";
		};
		29D1440F29F7C52700DA2642 /* MapViewTests */ = {
			isa = PBXNativeTarget;
			buildConfigurationList = 29D1442729F7C52800DA2642 /* Build configuration list for PBXNativeTarget "MapViewTests" */;
			buildPhases = (
				29D1440C29F7C52700DA2642 /* Sources */,
				29D1440D29F7C52700DA2642 /* Frameworks */,
				29D1440E29F7C52700DA2642 /* Resources */,
			);
			buildRules = (
			);
			dependencies = (
				29D1441229F7C52700DA2642 /* PBXTargetDependency */,
			);
			name = MapViewTests;
			productName = MapViewTests;
			productReference = 29D1441029F7C52700DA2642 /* MapViewTests.xctest */;
			productType = "com.apple.product-type.bundle.unit-test";
		};
		29D1441929F7C52800DA2642 /* MapViewUITests */ = {
			isa = PBXNativeTarget;
			buildConfigurationList = 29D1442A29F7C52800DA2642 /* Build configuration list for PBXNativeTarget "MapViewUITests" */;
			buildPhases = (
				29D1441629F7C52800DA2642 /* Sources */,
				29D1441729F7C52800DA2642 /* Frameworks */,
				29D1441829F7C52800DA2642 /* Resources */,
			);
			buildRules = (
			);
			dependencies = (
				29D1441C29F7C52800DA2642 /* PBXTargetDependency */,
			);
			name = MapViewUITests;
			productName = MapViewUITests;
			productReference = 29D1441A29F7C52800DA2642 /* MapViewUITests.xctest */;
			productType = "com.apple.product-type.bundle.ui-testing";
		};
/* End PBXNativeTarget section */

/* Begin PBXProject section */
		29D143F229F7C52400DA2642 /* Project object */ = {
			isa = PBXProject;
			attributes = {
				BuildIndependentTargetsInParallel = 1;
				LastSwiftUpdateCheck = 1420;
				LastUpgradeCheck = 1420;
				TargetAttributes = {
					29D143F929F7C52400DA2642 = {
						CreatedOnToolsVersion = 14.2;
					};
					29D1440F29F7C52700DA2642 = {
						CreatedOnToolsVersion = 14.2;
						TestTargetID = 29D143F929F7C52400DA2642;
					};
					29D1441929F7C52800DA2642 = {
						CreatedOnToolsVersion = 14.2;
						TestTargetID = 29D143F929F7C52400DA2642;
					};
				};
			};
			buildConfigurationList = 29D143F529F7C52400DA2642 /* Build configuration list for PBXProject "MapView" */;
			compatibilityVersion = "Xcode 14.0";
			developmentRegion = en;
			hasScannedForEncodings = 0;
			knownRegions = (
				en,
				Base,
			);
			mainGroup = 29D143F129F7C52400DA2642;
			productRefGroup = 29D143FB29F7C52400DA2642 /* Products */;
			projectDirPath = "";
			projectRoot = "";
			targets = (
				29D143F929F7C52400DA2642 /* MapView */,
				29D1440F29F7C52700DA2642 /* MapViewTests */,
				29D1441929F7C52800DA2642 /* MapViewUITests */,
			);
		};
/* End PBXProject section */

/* Begin PBXResourcesBuildPhase section */
		29D143F829F7C52400DA2642 /* Resources */ = {
			isa = PBXResourcesBuildPhase;
			buildActionMask = 2147483647;
			files = (
				29D1440A29F7C52700DA2642 /* LaunchScreen.storyboard in Resources */,
				29D1440729F7C52700DA2642 /* Assets.xcassets in Resources */,
				29D1440529F7C52500DA2642 /* Main.storyboard in Resources */,
			);
			runOnlyForDeploymentPostprocessing = 0;
		};
		29D1440E29F7C52700DA2642 /* Resources */ = {
			isa = PBXResourcesBuildPhase;
			buildActionMask = 2147483647;
			files = (
			);
			runOnlyForDeploymentPostprocessing = 0;
		};
		29D1441829F7C52800DA2642 /* Resources */ = {
			isa = PBXResourcesBuildPhase;
			buildActionMask = 2147483647;
			files = (
			);
			runOnlyForDeploymentPostprocessing = 0;
		};
/* End PBXResourcesBuildPhase section */

/* Begin PBXSourcesBuildPhase section */
		29D143F629F7C52400DA2642 /* Sources */ = {
			isa = PBXSourcesBuildPhase;
			buildActionMask = 2147483647;
			files = (
				29D1440229F7C52500DA2642 /* ViewController.swift in Sources */,
				29D143FE29F7C52400DA2642 /* AppDelegate.swift in Sources */,
				29D1440029F7C52500DA2642 /* SceneDelegate.swift in Sources */,
			);
			runOnlyForDeploymentPostprocessing = 0;
		};
		29D1440C29F7C52700DA2642 /* Sources */ = {
			isa = PBXSourcesBuildPhase;
			buildActionMask = 2147483647;
			files = (
				29D1441529F7C52700DA2642 /* MapViewTests.swift in Sources */,
			);
			runOnlyForDeploymentPostprocessing = 0;
		};
		29D1441629F7C52800DA2642 /* Sources */ = {
			isa = PBXSourcesBuildPhase;
			buildActionMask = 2147483647;
			files = (
				29D1442129F7C52800DA2642 /* MapViewUITestsLaunchTests.swift in Sources */,
				29D1441F29F7C52800DA2642 /* MapViewUITests.swift in Sources */,
			);
			runOnlyForDeploymentPostprocessing = 0;
		};
/* End PBXSourcesBuildPhase section */

/* Begin PBXTargetDependency section */
		29D1441229F7C52700DA2642 /* PBXTargetDependency */ = {
			isa = PBXTargetDependency;
			target = 29D143F929F7C52400DA2642 /* MapView */;
			targetProxy = 29D1441129F7C52700DA2642 /* PBXContainerItemProxy */;
		};
		29D1441C29F7C52800DA2642 /* PBXTargetDependency */ = {
			isa = PBXTargetDependency;
			target = 29D143F929F7C52400DA2642 /* MapView */;
			targetProxy = 29D1441B29F7C52800DA2642 /* PBXContainerItemProxy */;
		};
/* End PBXTargetDependency section */

/* Begin PBXVariantGroup section */
		29D1440329F7C52500DA2642 /* Main.storyboard */ = {
			isa = PBXVariantGroup;
			children = (
				29D1440429F7C52500DA2642 /* Base */,
			);
			name = Main.storyboard;
			sourceTree = "<group>";
		};
		29D1440829F7C52700DA2642 /* LaunchScreen.storyboard */ = {
			isa = PBXVariantGroup;
			children = (
				29D1440929F7C52700DA2642 /* Base */,
			);
			name = LaunchScreen.storyboard;
			sourceTree = "<group>";
		};
/* End PBXVariantGroup section */

/* Begin XCBuildConfiguration section */
		29D1442229F7C52800DA2642 /* Debug */ = {
			isa = XCBuildConfiguration;
			buildSettings = {
				ALWAYS_SEARCH_USER_PATHS = NO;
				CLANG_ANALYZER_NONNULL = YES;
				CLANG_ANALYZER_NUMBER_OBJECT_CONVERSION = YES_AGGRESSIVE;
				CLANG_CXX_LANGUAGE_STANDARD = "gnu++20";
				CLANG_ENABLE_MODULES = YES;
				CLANG_ENABLE_OBJC_ARC = YES;
				CLANG_ENABLE_OBJC_WEAK = YES;
				CLANG_WARN_BLOCK_CAPTURE_AUTORELEASING = YES;
				CLANG_WARN_BOOL_CONVERSION = YES;
				CLANG_WARN_COMMA = YES;
				CLANG_WARN_CONSTANT_CONVERSION = YES;
				CLANG_WARN_DEPRECATED_OBJC_IMPLEMENTATIONS = YES;
				CLANG_WARN_DIRECT_OBJC_ISA_USAGE = YES_ERROR;
				CLANG_WARN_DOCUMENTATION_COMMENTS = YES;
				CLANG_WARN_EMPTY_BODY = YES;
				CLANG_WARN_ENUM_CONVERSION = YES;
				CLANG_WARN_INFINITE_RECURSION = YES;
				CLANG_WARN_INT_CONVERSION = YES;
				CLANG_WARN_NON_LITERAL_NULL_CONVERSION = YES;
				CLANG_WARN_OBJC_IMPLICIT_RETAIN_SELF = YES;
				CLANG_WARN_OBJC_LITERAL_CONVERSION = YES;
				CLANG_WARN_OBJC_ROOT_CLASS = YES_ERROR;
				CLANG_WARN_QUOTED_INCLUDE_IN_FRAMEWORK_HEADER = YES;
				CLANG_WARN_RANGE_LOOP_ANALYSIS = YES;
				CLANG_WARN_STRICT_PROTOTYPES = YES;
				CLANG_WARN_SUSPICIOUS_MOVE = YES;
				CLANG_WARN_UNGUARDED_AVAILABILITY = YES_AGGRESSIVE;
				CLANG_WARN_UNREACHABLE_CODE = YES;
				CLANG_WARN__DUPLICATE_METHOD_MATCH = YES;
				COPY_PHASE_STRIP = NO;
				DEBUG_INFORMATION_FORMAT = dwarf;
				ENABLE_STRICT_OBJC_MSGSEND = YES;
				ENABLE_TESTABILITY = YES;
				GCC_C_LANGUAGE_STANDARD = gnu11;
				GCC_DYNAMIC_NO_PIC = NO;
				GCC_NO_COMMON_BLOCKS = YES;
				GCC_OPTIMIZATION_LEVEL = 0;
				GCC_PREPROCESSOR_DEFINITIONS = (
					"DEBUG=1",
					"$(inherited)",
				);
				GCC_WARN_64_TO_32_BIT_CONVERSION = YES;
				GCC_WARN_ABOUT_RETURN_TYPE = YES_ERROR;
				GCC_WARN_UNDECLARED_SELECTOR = YES;
				GCC_WARN_UNINITIALIZED_AUTOS = YES_AGGRESSIVE;
				GCC_WARN_UNUSED_FUNCTION = YES;
				GCC_WARN_UNUSED_VARIABLE = YES;
				IPHONEOS_DEPLOYMENT_TARGET = 16.2;
				MTL_ENABLE_DEBUG_INFO = INCLUDE_SOURCE;
				MTL_FAST_MATH = YES;
				ONLY_ACTIVE_ARCH = YES;
				SDKROOT = iphoneos;
				SWIFT_ACTIVE_COMPILATION_CONDITIONS = DEBUG;
				SWIFT_OPTIMIZATION_LEVEL = "-Onone";
			};
			name = Debug;
		};
		29D1442329F7C52800DA2642 /* Release */ = {
			isa = XCBuildConfiguration;
			buildSettings = {
				ALWAYS_SEARCH_USER_PATHS = NO;
				CLANG_ANALYZER_NONNULL = YES;
				CLANG_ANALYZER_NUMBER_OBJECT_CONVERSION = YES_AGGRESSIVE;
				CLANG_CXX_LANGUAGE_STANDARD = "gnu++20";
				CLANG_ENABLE_MODULES = YES;
				CLANG_ENABLE_OBJC_ARC = YES;
				CLANG_ENABLE_OBJC_WEAK = YES;
				CLANG_WARN_BLOCK_CAPTURE_AUTORELEASING = YES;
				CLANG_WARN_BOOL_CONVERSION = YES;
				CLANG_WARN_COMMA = YES;
				CLANG_WARN_CONSTANT_CONVERSION = YES;
				CLANG_WARN_DEPRECATED_OBJC_IMPLEMENTATIONS = YES;
				CLANG_WARN_DIRECT_OBJC_ISA_USAGE = YES_ERROR;
				CLANG_WARN_DOCUMENTATION_COMMENTS = YES;
				CLANG_WARN_EMPTY_BODY = YES;
				CLANG_WARN_ENUM_CONVERSION = YES;
				CLANG_WARN_INFINITE_RECURSION = YES;
				CLANG_WARN_INT_CONVERSION = YES;
				CLANG_WARN_NON_LITERAL_NULL_CONVERSION = YES;
				CLANG_WARN_OBJC_IMPLICIT_RETAIN_SELF = YES;
				CLANG_WARN_OBJC_LITERAL_CONVERSION = YES;
				CLANG_WARN_OBJC_ROOT_CLASS = YES_ERROR;
				CLANG_WARN_QUOTED_INCLUDE_IN_FRAMEWORK_HEADER = YES;
				CLANG_WARN_RANGE_LOOP_ANALYSIS = YES;
				CLANG_WARN_STRICT_PROTOTYPES = YES;
				CLANG_WARN_SUSPICIOUS_MOVE = YES;
				CLANG_WARN_UNGUARDED_AVAILABILITY = YES_AGGRESSIVE;
				CLANG_WARN_UNREACHABLE_CODE = YES;
				CLANG_WARN__DUPLICATE_METHOD_MATCH = YES;
				COPY_PHASE_STRIP = NO;
				DEBUG_INFORMATION_FORMAT = "dwarf-with-dsym";
				ENABLE_NS_ASSERTIONS = NO;
				ENABLE_STRICT_OBJC_MSGSEND = YES;
				GCC_C_LANGUAGE_STANDARD = gnu11;
				GCC_NO_COMMON_BLOCKS = YES;
				GCC_WARN_64_TO_32_BIT_CONVERSION = YES;
				GCC_WARN_ABOUT_RETURN_TYPE = YES_ERROR;
				GCC_WARN_UNDECLARED_SELECTOR = YES;
				GCC_WARN_UNINITIALIZED_AUTOS = YES_AGGRESSIVE;
				GCC_WARN_UNUSED_FUNCTION = YES;
				GCC_WARN_UNUSED_VARIABLE = YES;
				IPHONEOS_DEPLOYMENT_TARGET = 16.2;
				MTL_ENABLE_DEBUG_INFO = NO;
				MTL_FAST_MATH = YES;
				SDKROOT = iphoneos;
				SWIFT_COMPILATION_MODE = wholemodule;
				SWIFT_OPTIMIZATION_LEVEL = "-O";
				VALIDATE_PRODUCT = YES;
			};
			name = Release;
		};
		29D1442529F7C52800DA2642 /* Debug */ = {
			isa = XCBuildConfiguration;
			buildSettings = {
				ASSETCATALOG_COMPILER_APPICON_NAME = AppIcon;
				ASSETCATALOG_COMPILER_GLOBAL_ACCENT_COLOR_NAME = AccentColor;
				CODE_SIGN_STYLE = Automatic;
				CURRENT_PROJECT_VERSION = 1;
				GENERATE_INFOPLIST_FILE = YES;
				INFOPLIST_FILE = MapView/Info.plist;
				INFOPLIST_KEY_UIApplicationSupportsIndirectInputEvents = YES;
				INFOPLIST_KEY_UILaunchStoryboardName = LaunchScreen;
				INFOPLIST_KEY_UIMainStoryboardFile = Main;
				INFOPLIST_KEY_UISupportedInterfaceOrientations_iPad = "UIInterfaceOrientationPortrait UIInterfaceOrientationPortraitUpsideDown UIInterfaceOrientationLandscapeLeft UIInterfaceOrientationLandscapeRight";
				INFOPLIST_KEY_UISupportedInterfaceOrientations_iPhone = "UIInterfaceOrientationPortrait UIInterfaceOrientationLandscapeLeft UIInterfaceOrientationLandscapeRight";
				LD_RUNPATH_SEARCH_PATHS = (
					"$(inherited)",
					"@executable_path/Frameworks",
				);
				MARKETING_VERSION = 1.0;
				PRODUCT_BUNDLE_IDENTIFIER = app.MapView;
				PRODUCT_NAME = "$(TARGET_NAME)";
				SWIFT_EMIT_LOC_STRINGS = YES;
				SWIFT_VERSION = 5.0;
				TARGETED_DEVICE_FAMILY = "1,2";
			};
			name = Debug;
		};
		29D1442629F7C52800DA2642 /* Release */ = {
			isa = XCBuildConfiguration;
			buildSettings = {
				ASSETCATALOG_COMPILER_APPICON_NAME = AppIcon;
				ASSETCATALOG_COMPILER_GLOBAL_ACCENT_COLOR_NAME = AccentColor;
				CODE_SIGN_STYLE = Automatic;
				CURRENT_PROJECT_VERSION = 1;
				GENERATE_INFOPLIST_FILE = YES;
				INFOPLIST_FILE = MapView/Info.plist;
				INFOPLIST_KEY_UIApplicationSupportsIndirectInputEvents = YES;
				INFOPLIST_KEY_UILaunchStoryboardName = LaunchScreen;
				INFOPLIST_KEY_UIMainStoryboardFile = Main;
				INFOPLIST_KEY_UISupportedInterfaceOrientations_iPad = "UIInterfaceOrientationPortrait UIInterfaceOrientationPortraitUpsideDown UIInterfaceOrientationLandscapeLeft UIInterfaceOrientationLandscapeRight";
				INFOPLIST_KEY_UISupportedInterfaceOrientations_iPhone = "UIInterfaceOrientationPortrait UIInterfaceOrientationLandscapeLeft UIInterfaceOrientationLandscapeRight";
				LD_RUNPATH_SEARCH_PATHS = (
					"$(inherited)",
					"@executable_path/Frameworks",
				);
				MARKETING_VERSION = 1.0;
				PRODUCT_BUNDLE_IDENTIFIER = app.MapView;
				PRODUCT_NAME = "$(TARGET_NAME)";
				SWIFT_EMIT_LOC_STRINGS = YES;
				SWIFT_VERSION = 5.0;
				TARGETED_DEVICE_FAMILY = "1,2";
			};
			name = Release;
		};
		29D1442829F7C52800DA2642 /* Debug */ = {
			isa = XCBuildConfiguration;
			buildSettings = {
				ALWAYS_EMBED_SWIFT_STANDARD_LIBRARIES = YES;
				BUNDLE_LOADER = "$(TEST_HOST)";
				CODE_SIGN_STYLE = Automatic;
				CURRENT_PROJECT_VERSION = 1;
				GENERATE_INFOPLIST_FILE = YES;
				IPHONEOS_DEPLOYMENT_TARGET = 16.2;
				MARKETING_VERSION = 1.0;
				PRODUCT_BUNDLE_IDENTIFIER = app.MapViewTests;
				PRODUCT_NAME = "$(TARGET_NAME)";
				SWIFT_EMIT_LOC_STRINGS = NO;
				SWIFT_VERSION = 5.0;
				TARGETED_DEVICE_FAMILY = "1,2";
				TEST_HOST = "$(BUILT_PRODUCTS_DIR)/MapView.app/$(BUNDLE_EXECUTABLE_FOLDER_PATH)/MapView";
			};
			name = Debug;
		};
		29D1442929F7C52800DA2642 /* Release */ = {
			isa = XCBuildConfiguration;
			buildSettings = {
				ALWAYS_EMBED_SWIFT_STANDARD_LIBRARIES = YES;
				BUNDLE_LOADER = "$(TEST_HOST)";
				CODE_SIGN_STYLE = Automatic;
				CURRENT_PROJECT_VERSION = 1;
				GENERATE_INFOPLIST_FILE = YES;
				IPHONEOS_DEPLOYMENT_TARGET = 16.2;
				MARKETING_VERSION = 1.0;
				PRODUCT_BUNDLE_IDENTIFIER = app.MapViewTests;
				PRODUCT_NAME = "$(TARGET_NAME)";
				SWIFT_EMIT_LOC_STRINGS = NO;
				SWIFT_VERSION = 5.0;
				TARGETED_DEVICE_FAMILY = "1,2";
				TEST_HOST = "$(BUILT_PRODUCTS_DIR)/MapView.app/$(BUNDLE_EXECUTABLE_FOLDER_PATH)/MapView";
			};
			name = Release;
		};
		29D1442B29F7C52800DA2642 /* Debug */ = {
			isa = XCBuildConfiguration;
			buildSettings = {
				ALWAYS_EMBED_SWIFT_STANDARD_LIBRARIES = YES;
				CODE_SIGN_STYLE = Automatic;
				CURRENT_PROJECT_VERSION = 1;
				GENERATE_INFOPLIST_FILE = YES;
				MARKETING_VERSION = 1.0;
				PRODUCT_BUNDLE_IDENTIFIER = app.MapViewUITests;
				PRODUCT_NAME = "$(TARGET_NAME)";
				SWIFT_EMIT_LOC_STRINGS = NO;
				SWIFT_VERSION = 5.0;
				TARGETED_DEVICE_FAMILY = "1,2";
				TEST_TARGET_NAME = MapView;
			};
			name = Debug;
		};
		29D1442C29F7C52800DA2642 /* Release */ = {
			isa = XCBuildConfiguration;
			buildSettings = {
				ALWAYS_EMBED_SWIFT_STANDARD_LIBRARIES = YES;
				CODE_SIGN_STYLE = Automatic;
				CURRENT_PROJECT_VERSION = 1;
				GENERATE_INFOPLIST_FILE = YES;
				MARKETING_VERSION = 1.0;
				PRODUCT_BUNDLE_IDENTIFIER = app.MapViewUITests;
				PRODUCT_NAME = "$(TARGET_NAME)";
				SWIFT_EMIT_LOC_STRINGS = NO;
				SWIFT_VERSION = 5.0;
				TARGETED_DEVICE_FAMILY = "1,2";
				TEST_TARGET_NAME = MapView;
			};
			name = Release;
		};
/* End XCBuildConfiguration section */

/* Begin XCConfigurationList section */
		29D143F529F7C52400DA2642 /* Build configuration list for PBXProject "MapView" */ = {
			isa = XCConfigurationList;
			buildConfigurations = (
				29D1442229F7C52800DA2642 /* Debug */,
				29D1442329F7C52800DA2642 /* Release */,
			);
			defaultConfigurationIsVisible = 0;
			defaultConfigurationName = Release;
		};
		29D1442429F7C52800DA2642 /* Build configuration list for PBXNativeTarget "MapView" */ = {
			isa = XCConfigurationList;
			buildConfigurations = (
				29D1442529F7C52800DA2642 /* Debug */,
				29D1442629F7C52800DA2642 /* Release */,
			);
			defaultConfigurationIsVisible = 0;
			defaultConfigurationName = Release;
		};
		29D1442729F7C52800DA2642 /* Build configuration list for PBXNativeTarget "MapViewTests" */ = {
			isa = XCConfigurationList;
			buildConfigurations = (
				29D1442829F7C52800DA2642 /* Debug */,
				29D1442929F7C52800DA2642 /* Release */,
			);
			defaultConfigurationIsVisible = 0;
			defaultConfigurationName = Release;
		};
		29D1442A29F7C52800DA2642 /* Build configuration list for PBXNativeTarget "MapViewUITests" */ = {
			isa = XCConfigurationList;
			buildConfigurations = (
				29D1442B29F7C52800DA2642 /* Debug */,
				29D1442C29F7C52800DA2642 /* Release */,
			);
			defaultConfigurationIsVisible = 0;
			defaultConfigurationName = Release;
		};
/* End XCConfigurationList section */
	};
	rootObject = 29D143F229F7C52400DA2642 /* Project object */;
}
